
Microsoft Visual Studio Solution File, Format Version 12.00
# Visual Studio 14
VisualStudioVersion = 14.0.25123.0
MinimumVisualStudioVersion = 10.0.40219.1
Project("{2150E333-8FDC-42A3-9474-1A3956D46DE8}") = "01. List", "01. List", "{75346956-7E7C-4807-A266-0536881AD6C7}"
EndProject
Project("{2150E333-8FDC-42A3-9474-1A3956D46DE8}") = "02. LinkedList", "02. LinkedList", "{FCCC69E5-C9AB-425E-AFDE-32FC59AC2B9D}"
EndProject
Project("{2150E333-8FDC-42A3-9474-1A3956D46DE8}") = "03. Stack", "03. Stack", "{A511DD41-BD5A-4B5C-BCD9-077B3EBA53A0}"
EndProject
Project("{2150E333-8FDC-42A3-9474-1A3956D46DE8}") = "04. Queue", "04. Queue", "{47F66EBF-703F-45BD-A03B-C7A5FEB8EB17}"
EndProject
Project("{2150E333-8FDC-42A3-9474-1A3956D46DE8}") = "05. Dictionary", "05. Dictionary", "{8A6E1A93-F9A0-4DE2-8563-7CABC821E08A}"
EndProject
Project("{2150E333-8FDC-42A3-9474-1A3956D46DE8}") = "08. IntervalTree", "08. IntervalTree", "{A058A286-93F9-4C06-8D20-F28967157063}"
EndProject
Project("{2150E333-8FDC-42A3-9474-1A3956D46DE8}") = "09. kdTree", "09. kdTree", "{5F47B0FC-60F8-42DB-8BA1-05C16BC3ABD0}"
EndProject
Project("{2150E333-8FDC-42A3-9474-1A3956D46DE8}") = "07. AvlTree", "07. AvlTree", "{478F403F-2138-44AE-A925-FB3A10BD1EC0}"
EndProject
Project("{2150E333-8FDC-42A3-9474-1A3956D46DE8}") = "10. QuadTree", "10. QuadTree", "{6D9EC101-65B3-445C-A050-69BF380D187E}"
EndProject
Project("{2150E333-8FDC-42A3-9474-1A3956D46DE8}") = "11. LruCache", "11. LruCache", "{FF51C7EA-9104-4904-8871-31754D044A40}"
EndProject
Project("{2150E333-8FDC-42A3-9474-1A3956D46DE8}") = "06. BinaryHeap", "06. BinaryHeap", "{A2786E06-53E3-4F38-BCBE-5484E17E4D48}"
EndProject
Project("{FAE04EC0-301F-11D3-BF4B-00C04F79EFBC}") = "List", "List\List.csproj", "{F35C48FA-48C4-4861-85ED-B459B8FBD354}"
EndProject
Project("{FAE04EC0-301F-11D3-BF4B-00C04F79EFBC}") = "LruCache", "LruCache\LruCache.csproj", "{8D027692-AABF-463B-AC94-046E8534C93C}"
EndProject
Project("{FAE04EC0-301F-11D3-BF4B-00C04F79EFBC}") = "LinkedList", "LinkedList\LinkedList.csproj", "{75DE4419-1540-4061-B259-9EE6767048F1}"
EndProject
Project("{FAE04EC0-301F-11D3-BF4B-00C04F79EFBC}") = "LinkedList.Tests", "LinkedList.Tests\LinkedList.Tests.csproj", "{BE75D1F9-0CFC-4C99-BCD4-91C01B7C7EE0}"
EndProject
Project("{FAE04EC0-301F-11D3-BF4B-00C04F79EFBC}") = "Stack", "Stack\Stack.csproj", "{FA788915-75EC-42CD-A67A-7C9F9B7ACEC1}"
EndProject
Project("{FAE04EC0-301F-11D3-BF4B-00C04F79EFBC}") = "Queue", "Queue\Queue.csproj", "{F7540C9F-2D6B-4E13-9F0D-0792D92C93D9}"
EndProject
Project("{FAE04EC0-301F-11D3-BF4B-00C04F79EFBC}") = "Queue.Tests", "Queue.Tests\Queue.Tests.csproj", "{A18BF9AA-FC80-4FC5-9FB8-0C0C3B86C4CF}"
EndProject
Project("{FAE04EC0-301F-11D3-BF4B-00C04F79EFBC}") = "QuadTree", "QuadTree\QuadTree.csproj", "{7176851F-1494-4A49-84B5-156E402FF042}"
EndProject
Project("{FAE04EC0-301F-11D3-BF4B-00C04F79EFBC}") = "QuadTree.Tests", "QuadTree.Tests\QuadTree.Tests.csproj", "{BFE45B10-B20B-4047-896F-75877E89CC18}"
EndProject
Project("{FAE04EC0-301F-11D3-BF4B-00C04F79EFBC}") = "IntervalTree", "IntervalTree\IntervalTree.csproj", "{F3BF393E-65FA-4D92-944A-BD8BE88C7560}"
EndProject
Project("{FAE04EC0-301F-11D3-BF4B-00C04F79EFBC}") = "KdTree", "KdTree\KdTree.csproj", "{B8FED311-58F0-4AA6-8935-80BE351E3404}"
EndProject
Global
	GlobalSection(SolutionConfigurationPlatforms) = preSolution
		Debug|Any CPU = Debug|Any CPU
		Release|Any CPU = Release|Any CPU
	EndGlobalSection
	GlobalSection(ProjectConfigurationPlatforms) = postSolution
		{F35C48FA-48C4-4861-85ED-B459B8FBD354}.Debug|Any CPU.ActiveCfg = Debug|Any CPU
		{F35C48FA-48C4-4861-85ED-B459B8FBD354}.Debug|Any CPU.Build.0 = Debug|Any CPU
		{F35C48FA-48C4-4861-85ED-B459B8FBD354}.Release|Any CPU.ActiveCfg = Release|Any CPU
		{F35C48FA-48C4-4861-85ED-B459B8FBD354}.Release|Any CPU.Build.0 = Release|Any CPU
		{8D027692-AABF-463B-AC94-046E8534C93C}.Debug|Any CPU.ActiveCfg = Debug|Any CPU
		{8D027692-AABF-463B-AC94-046E8534C93C}.Debug|Any CPU.Build.0 = Debug|Any CPU
		{8D027692-AABF-463B-AC94-046E8534C93C}.Release|Any CPU.ActiveCfg = Release|Any CPU
		{8D027692-AABF-463B-AC94-046E8534C93C}.Release|Any CPU.Build.0 = Release|Any CPU
		{75DE4419-1540-4061-B259-9EE6767048F1}.Debug|Any CPU.ActiveCfg = Debug|Any CPU
		{75DE4419-1540-4061-B259-9EE6767048F1}.Debug|Any CPU.Build.0 = Debug|Any CPU
		{75DE4419-1540-4061-B259-9EE6767048F1}.Release|Any CPU.ActiveCfg = Release|Any CPU
		{75DE4419-1540-4061-B259-9EE6767048F1}.Release|Any CPU.Build.0 = Release|Any CPU
		{BE75D1F9-0CFC-4C99-BCD4-91C01B7C7EE0}.Debug|Any CPU.ActiveCfg = Debug|Any CPU
		{BE75D1F9-0CFC-4C99-BCD4-91C01B7C7EE0}.Debug|Any CPU.Build.0 = Debug|Any CPU
		{BE75D1F9-0CFC-4C99-BCD4-91C01B7C7EE0}.Release|Any CPU.ActiveCfg = Release|Any CPU
		{BE75D1F9-0CFC-4C99-BCD4-91C01B7C7EE0}.Release|Any CPU.Build.0 = Release|Any CPU
		{FA788915-75EC-42CD-A67A-7C9F9B7ACEC1}.Debug|Any CPU.ActiveCfg = Debug|Any CPU
		{FA788915-75EC-42CD-A67A-7C9F9B7ACEC1}.Debug|Any CPU.Build.0 = Debug|Any CPU
		{FA788915-75EC-42CD-A67A-7C9F9B7ACEC1}.Release|Any CPU.ActiveCfg = Release|Any CPU
		{FA788915-75EC-42CD-A67A-7C9F9B7ACEC1}.Release|Any CPU.Build.0 = Release|Any CPU
		{F7540C9F-2D6B-4E13-9F0D-0792D92C93D9}.Debug|Any CPU.ActiveCfg = Debug|Any CPU
		{F7540C9F-2D6B-4E13-9F0D-0792D92C93D9}.Debug|Any CPU.Build.0 = Debug|Any CPU
		{F7540C9F-2D6B-4E13-9F0D-0792D92C93D9}.Release|Any CPU.ActiveCfg = Release|Any CPU
		{F7540C9F-2D6B-4E13-9F0D-0792D92C93D9}.Release|Any CPU.Build.0 = Release|Any CPU
		{A18BF9AA-FC80-4FC5-9FB8-0C0C3B86C4CF}.Debug|Any CPU.ActiveCfg = Debug|Any CPU
		{A18BF9AA-FC80-4FC5-9FB8-0C0C3B86C4CF}.Debug|Any CPU.Build.0 = Debug|Any CPU
		{A18BF9AA-FC80-4FC5-9FB8-0C0C3B86C4CF}.Release|Any CPU.ActiveCfg = Release|Any CPU
		{A18BF9AA-FC80-4FC5-9FB8-0C0C3B86C4CF}.Release|Any CPU.Build.0 = Release|Any CPU
		{7176851F-1494-4A49-84B5-156E402FF042}.Debug|Any CPU.ActiveCfg = Debug|Any CPU
		{7176851F-1494-4A49-84B5-156E402FF042}.Debug|Any CPU.Build.0 = Debug|Any CPU
		{7176851F-1494-4A49-84B5-156E402FF042}.Release|Any CPU.ActiveCfg = Release|Any CPU
		{7176851F-1494-4A49-84B5-156E402FF042}.Release|Any CPU.Build.0 = Release|Any CPU
		{BFE45B10-B20B-4047-896F-75877E89CC18}.Debug|Any CPU.ActiveCfg = Debug|Any CPU
		{BFE45B10-B20B-4047-896F-75877E89CC18}.Debug|Any CPU.Build.0 = Debug|Any CPU
		{BFE45B10-B20B-4047-896F-75877E89CC18}.Release|Any CPU.ActiveCfg = Release|Any CPU
		{BFE45B10-B20B-4047-896F-75877E89CC18}.Release|Any CPU.Build.0 = Release|Any CPU
		{F3BF393E-65FA-4D92-944A-BD8BE88C7560}.Debug|Any CPU.ActiveCfg = Debug|Any CPU
		{F3BF393E-65FA-4D92-944A-BD8BE88C7560}.Debug|Any CPU.Build.0 = Debug|Any CPU
		{F3BF393E-65FA-4D92-944A-BD8BE88C7560}.Release|Any CPU.ActiveCfg = Release|Any CPU
		{F3BF393E-65FA-4D92-944A-BD8BE88C7560}.Release|Any CPU.Build.0 = Release|Any CPU
		{B8FED311-58F0-4AA6-8935-80BE351E3404}.Debug|Any CPU.ActiveCfg = Debug|Any CPU
		{B8FED311-58F0-4AA6-8935-80BE351E3404}.Debug|Any CPU.Build.0 = Debug|Any CPU
		{B8FED311-58F0-4AA6-8935-80BE351E3404}.Release|Any CPU.ActiveCfg = Release|Any CPU
		{B8FED311-58F0-4AA6-8935-80BE351E3404}.Release|Any CPU.Build.0 = Release|Any CPU
	EndGlobalSection
	GlobalSection(SolutionProperties) = preSolution
		HideSolutionNode = FALSE
	EndGlobalSection
	GlobalSection(NestedProjects) = preSolution
		{F35C48FA-48C4-4861-85ED-B459B8FBD354} = {75346956-7E7C-4807-A266-0536881AD6C7}
		{8D027692-AABF-463B-AC94-046E8534C93C} = {FF51C7EA-9104-4904-8871-31754D044A40}
		{75DE4419-1540-4061-B259-9EE6767048F1} = {FCCC69E5-C9AB-425E-AFDE-32FC59AC2B9D}
		{BE75D1F9-0CFC-4C99-BCD4-91C01B7C7EE0} = {FCCC69E5-C9AB-425E-AFDE-32FC59AC2B9D}
		{FA788915-75EC-42CD-A67A-7C9F9B7ACEC1} = {A511DD41-BD5A-4B5C-BCD9-077B3EBA53A0}
		{F7540C9F-2D6B-4E13-9F0D-0792D92C93D9} = {47F66EBF-703F-45BD-A03B-C7A5FEB8EB17}
		{A18BF9AA-FC80-4FC5-9FB8-0C0C3B86C4CF} = {47F66EBF-703F-45BD-A03B-C7A5FEB8EB17}
		{7176851F-1494-4A49-84B5-156E402FF042} = {6D9EC101-65B3-445C-A050-69BF380D187E}
		{BFE45B10-B20B-4047-896F-75877E89CC18} = {6D9EC101-65B3-445C-A050-69BF380D187E}
		{F3BF393E-65FA-4D92-944A-BD8BE88C7560} = {A058A286-93F9-4C06-8D20-F28967157063}
		{B8FED311-58F0-4AA6-8935-80BE351E3404} = {5F47B0FC-60F8-42DB-8BA1-05C16BC3ABD0}
	EndGlobalSection
EndGlobal
